
Microsoft Visual Studio Solution File, Format Version 12.00
# Visual Studio Version 16
VisualStudioVersion = 16.0.32407.337
MinimumVisualStudioVersion = 10.0.40219.1
Project("{9A19103F-16F7-4668-BE54-9A1E7A4F7556}") = "ApiTienda", "ApiTienda.csproj", "{6AF4A84A-0C1A-4FB5-B672-7EA00F3B8EDC}"
EndProject
Project("{9A19103F-16F7-4668-BE54-9A1E7A4F7556}") = "Data", "..\Data\Data.csproj", "{7A14F5AB-3144-405A-A4ED-A96660900CD8}"
EndProject
Project("{FAE04EC0-301F-11D3-BF4B-00C04F79EFBC}") = "Logica", "..\Logica\Logica.csproj", "{19C0813C-D7C2-40D6-86B3-D9CE0D358CE5}"
	ProjectSection(ProjectDependencies) = postProject
		{7A14F5AB-3144-405A-A4ED-A96660900CD8} = {7A14F5AB-3144-405A-A4ED-A96660900CD8}
	EndProjectSection
EndProject
Global
	GlobalSection(SolutionConfigurationPlatforms) = preSolution
		Debug|Any CPU = Debug|Any CPU
		Release|Any CPU = Release|Any CPU
	EndGlobalSection
	GlobalSection(ProjectConfigurationPlatforms) = postSolution
		{6AF4A84A-0C1A-4FB5-B672-7EA00F3B8EDC}.Debug|Any CPU.ActiveCfg = Debug|Any CPU
		{6AF4A84A-0C1A-4FB5-B672-7EA00F3B8EDC}.Debug|Any CPU.Build.0 = Debug|Any CPU
		{6AF4A84A-0C1A-4FB5-B672-7EA00F3B8EDC}.Release|Any CPU.ActiveCfg = Release|Any CPU
		{6AF4A84A-0C1A-4FB5-B672-7EA00F3B8EDC}.Release|Any CPU.Build.0 = Release|Any CPU
		{7A14F5AB-3144-405A-A4ED-A96660900CD8}.Debug|Any CPU.ActiveCfg = Debug|Any CPU
		{7A14F5AB-3144-405A-A4ED-A96660900CD8}.Debug|Any CPU.Build.0 = Debug|Any CPU
		{7A14F5AB-3144-405A-A4ED-A96660900CD8}.Release|Any CPU.ActiveCfg = Release|Any CPU
		{7A14F5AB-3144-405A-A4ED-A96660900CD8}.Release|Any CPU.Build.0 = Release|Any CPU
		{19C0813C-D7C2-40D6-86B3-D9CE0D358CE5}.Debug|Any CPU.ActiveCfg = Debug|Any CPU
		{19C0813C-D7C2-40D6-86B3-D9CE0D358CE5}.Debug|Any CPU.Build.0 = Debug|Any CPU
		{19C0813C-D7C2-40D6-86B3-D9CE0D358CE5}.Release|Any CPU.ActiveCfg = Release|Any CPU
		{19C0813C-D7C2-40D6-86B3-D9CE0D358CE5}.Release|Any CPU.Build.0 = Release|Any CPU
	EndGlobalSection
	GlobalSection(SolutionProperties) = preSolution
		HideSolutionNode = FALSE
	EndGlobalSection
	GlobalSection(ExtensibilityGlobals) = postSolution
		SolutionGuid = {C7F76429-3A4E-43AB-92E4-D0D1B7FB6E81}
	EndGlobalSection
EndGlobal
