
Microsoft Visual Studio Solution File, Format Version 12.00
# Visual Studio Version 16
VisualStudioVersion = 16.0.32407.337
MinimumVisualStudioVersion = 10.0.40219.1
Project("{FAE04EC0-301F-11D3-BF4B-00C04F79EFBC}") = "ApiArchivos", "ApiArchivos.csproj", "{07EB1EDA-AC56-4737-BB6A-4CBA7C5721F1}"
EndProject
Project("{FAE04EC0-301F-11D3-BF4B-00C04F79EFBC}") = "Data", "..\Data\Data.csproj", "{AD22ADB8-7875-457E-AEFB-D8870739D14E}"
EndProject
Project("{FAE04EC0-301F-11D3-BF4B-00C04F79EFBC}") = "Logica", "..\Logica\Logica.csproj", "{6BFAF1A8-1B22-4BC2-BDF4-9BB86566BFC8}"
EndProject
Global
	GlobalSection(SolutionConfigurationPlatforms) = preSolution
		Debug|Any CPU = Debug|Any CPU
		Release|Any CPU = Release|Any CPU
	EndGlobalSection
	GlobalSection(ProjectConfigurationPlatforms) = postSolution
		{07EB1EDA-AC56-4737-BB6A-4CBA7C5721F1}.Debug|Any CPU.ActiveCfg = Debug|Any CPU
		{07EB1EDA-AC56-4737-BB6A-4CBA7C5721F1}.Debug|Any CPU.Build.0 = Debug|Any CPU
		{07EB1EDA-AC56-4737-BB6A-4CBA7C5721F1}.Release|Any CPU.ActiveCfg = Release|Any CPU
		{07EB1EDA-AC56-4737-BB6A-4CBA7C5721F1}.Release|Any CPU.Build.0 = Release|Any CPU
		{AD22ADB8-7875-457E-AEFB-D8870739D14E}.Debug|Any CPU.ActiveCfg = Debug|Any CPU
		{AD22ADB8-7875-457E-AEFB-D8870739D14E}.Debug|Any CPU.Build.0 = Debug|Any CPU
		{AD22ADB8-7875-457E-AEFB-D8870739D14E}.Release|Any CPU.ActiveCfg = Release|Any CPU
		{AD22ADB8-7875-457E-AEFB-D8870739D14E}.Release|Any CPU.Build.0 = Release|Any CPU
		{6BFAF1A8-1B22-4BC2-BDF4-9BB86566BFC8}.Debug|Any CPU.ActiveCfg = Debug|Any CPU
		{6BFAF1A8-1B22-4BC2-BDF4-9BB86566BFC8}.Debug|Any CPU.Build.0 = Debug|Any CPU
		{6BFAF1A8-1B22-4BC2-BDF4-9BB86566BFC8}.Release|Any CPU.ActiveCfg = Release|Any CPU
		{6BFAF1A8-1B22-4BC2-BDF4-9BB86566BFC8}.Release|Any CPU.Build.0 = Release|Any CPU
	EndGlobalSection
	GlobalSection(SolutionProperties) = preSolution
		HideSolutionNode = FALSE
	EndGlobalSection
	GlobalSection(ExtensibilityGlobals) = postSolution
		SolutionGuid = {7FACED50-9549-4486-ADF0-A2DF154B4D26}
	EndGlobalSection
EndGlobal
