
Microsoft Visual Studio Solution File, Format Version 12.00
# Visual Studio Version 16
VisualStudioVersion = 16.0.32228.343
MinimumVisualStudioVersion = 10.0.40219.1
Project("{FAE04EC0-301F-11D3-BF4B-00C04F79EFBC}") = "API_REST", "API_REST\API_REST.csproj", "{BE70C4C2-3F29-4501-9152-83D2CCD8E9C2}"
EndProject
Global
	GlobalSection(SolutionConfigurationPlatforms) = preSolution
		Debug|Any CPU = Debug|Any CPU
		Release|Any CPU = Release|Any CPU
	EndGlobalSection
	GlobalSection(ProjectConfigurationPlatforms) = postSolution
		{BE70C4C2-3F29-4501-9152-83D2CCD8E9C2}.Debug|Any CPU.ActiveCfg = Debug|Any CPU
		{BE70C4C2-3F29-4501-9152-83D2CCD8E9C2}.Debug|Any CPU.Build.0 = Debug|Any CPU
		{BE70C4C2-3F29-4501-9152-83D2CCD8E9C2}.Release|Any CPU.ActiveCfg = Release|Any CPU
		{BE70C4C2-3F29-4501-9152-83D2CCD8E9C2}.Release|Any CPU.Build.0 = Release|Any CPU
	EndGlobalSection
	GlobalSection(SolutionProperties) = preSolution
		HideSolutionNode = FALSE
	EndGlobalSection
	GlobalSection(ExtensibilityGlobals) = postSolution
		SolutionGuid = {82F261FB-FC83-4A74-9694-2C03B108A167}
	EndGlobalSection
EndGlobal
