
Microsoft Visual Studio Solution File, Format Version 12.00
# Visual Studio Version 16
VisualStudioVersion = 16.0.32407.337
MinimumVisualStudioVersion = 10.0.40219.1
Project("{FAE04EC0-301F-11D3-BF4B-00C04F79EFBC}") = "ActualizadorArchivos", "ActualizadorArchivos.csproj", "{44B47687-7484-46BB-B1E6-A08BD5387275}"
EndProject
Global
	GlobalSection(SolutionConfigurationPlatforms) = preSolution
		Debug|Any CPU = Debug|Any CPU
		Release|Any CPU = Release|Any CPU
	EndGlobalSection
	GlobalSection(ProjectConfigurationPlatforms) = postSolution
		{44B47687-7484-46BB-B1E6-A08BD5387275}.Debug|Any CPU.ActiveCfg = Debug|Any CPU
		{44B47687-7484-46BB-B1E6-A08BD5387275}.Debug|Any CPU.Build.0 = Debug|Any CPU
		{44B47687-7484-46BB-B1E6-A08BD5387275}.Release|Any CPU.ActiveCfg = Release|Any CPU
		{44B47687-7484-46BB-B1E6-A08BD5387275}.Release|Any CPU.Build.0 = Release|Any CPU
	EndGlobalSection
	GlobalSection(SolutionProperties) = preSolution
		HideSolutionNode = FALSE
	EndGlobalSection
	GlobalSection(ExtensibilityGlobals) = postSolution
		SolutionGuid = {54187CCD-1289-4BEF-8711-C7C47B40F6B3}
	EndGlobalSection
EndGlobal
